
Microsoft Visual Studio Solution File, Format Version 10.00
# Visual Studio 2008
Project("{FAE04EC0-301F-11D3-BF4B-00C04F79EFBC}") = "ListenerLibrary", "ListenerLibrary\ListenerLibrary.csproj", "{14462ED4-6DCC-429E-95F0-BD1CA0FFEC61}"
EndProject
Global
	GlobalSection(SolutionConfigurationPlatforms) = preSolution
		Debug|Any CPU = Debug|Any CPU
		Release|Any CPU = Release|Any CPU
	EndGlobalSection
	GlobalSection(ProjectConfigurationPlatforms) = postSolution
		{14462ED4-6DCC-429E-95F0-BD1CA0FFEC61}.Debug|Any CPU.ActiveCfg = Debug|Any CPU
		{14462ED4-6DCC-429E-95F0-BD1CA0FFEC61}.Debug|Any CPU.Build.0 = Debug|Any CPU
		{14462ED4-6DCC-429E-95F0-BD1CA0FFEC61}.Release|Any CPU.ActiveCfg = Release|Any CPU
		{14462ED4-6DCC-429E-95F0-BD1CA0FFEC61}.Release|Any CPU.Build.0 = Release|Any CPU
	EndGlobalSection
	GlobalSection(SolutionProperties) = preSolution
		HideSolutionNode = FALSE
	EndGlobalSection
EndGlobal
